
Microsoft Visual Studio Solution File, Format Version 12.00
# Visual Studio Version 16
VisualStudioVersion = 16.0.30011.22
MinimumVisualStudioVersion = 10.0.40219.1
Project("{8BC9CEB8-8B4A-11D0-8D11-00A0C91BC942}") = "Struct_4", "Struct_4\Struct_4.vcxproj", "{F2ABF326-77BB-4A5C-814E-4BA1CE948822}"
EndProject
Global
	GlobalSection(SolutionConfigurationPlatforms) = preSolution
		Debug|x64 = Debug|x64
		Debug|x86 = Debug|x86
		Release|x64 = Release|x64
		Release|x86 = Release|x86
	EndGlobalSection
	GlobalSection(ProjectConfigurationPlatforms) = postSolution
		{F2ABF326-77BB-4A5C-814E-4BA1CE948822}.Debug|x64.ActiveCfg = Debug|x64
		{F2ABF326-77BB-4A5C-814E-4BA1CE948822}.Debug|x64.Build.0 = Debug|x64
		{F2ABF326-77BB-4A5C-814E-4BA1CE948822}.Debug|x86.ActiveCfg = Debug|Win32
		{F2ABF326-77BB-4A5C-814E-4BA1CE948822}.Debug|x86.Build.0 = Debug|Win32
		{F2ABF326-77BB-4A5C-814E-4BA1CE948822}.Release|x64.ActiveCfg = Release|x64
		{F2ABF326-77BB-4A5C-814E-4BA1CE948822}.Release|x64.Build.0 = Release|x64
		{F2ABF326-77BB-4A5C-814E-4BA1CE948822}.Release|x86.ActiveCfg = Release|Win32
		{F2ABF326-77BB-4A5C-814E-4BA1CE948822}.Release|x86.Build.0 = Release|Win32
	EndGlobalSection
	GlobalSection(SolutionProperties) = preSolution
		HideSolutionNode = FALSE
	EndGlobalSection
	GlobalSection(ExtensibilityGlobals) = postSolution
		SolutionGuid = {AA3249DD-E050-43A9-8AE6-2E9730BD3AD1}
	EndGlobalSection
EndGlobal
